
Microsoft Visual Studio Solution File, Format Version 12.00
# Visual Studio Version 17
VisualStudioVersion = 17.5.002.0
MinimumVisualStudioVersion = 10.0.40219.1
Project("{9A19103F-16F7-4668-BE54-9A1E7A4F7556}") = "ToDoWorker", "ToDoWorker.csproj", "{68791CCE-2E7E-4CF3-8669-1FE2BBED6C6F}"
EndProject
Global
	GlobalSection(SolutionConfigurationPlatforms) = preSolution
		Debug|Any CPU = Debug|Any CPU
		Release|Any CPU = Release|Any CPU
	EndGlobalSection
	GlobalSection(ProjectConfigurationPlatforms) = postSolution
		{68791CCE-2E7E-4CF3-8669-1FE2BBED6C6F}.Debug|Any CPU.ActiveCfg = Debug|Any CPU
		{68791CCE-2E7E-4CF3-8669-1FE2BBED6C6F}.Debug|Any CPU.Build.0 = Debug|Any CPU
		{68791CCE-2E7E-4CF3-8669-1FE2BBED6C6F}.Release|Any CPU.ActiveCfg = Release|Any CPU
		{68791CCE-2E7E-4CF3-8669-1FE2BBED6C6F}.Release|Any CPU.Build.0 = Release|Any CPU
	EndGlobalSection
	GlobalSection(SolutionProperties) = preSolution
		HideSolutionNode = FALSE
	EndGlobalSection
	GlobalSection(ExtensibilityGlobals) = postSolution
		SolutionGuid = {9D931DD4-80BD-424C-8497-FFAF1B97279D}
	EndGlobalSection
EndGlobal
